{
  "originHash" : "61bbde695286688ddeb9db0bb4785fd260ce9b35c1f53b0df04d85bfa5f7f78d",
  "pins" : [
    {
      "identity" : "nuke",
      "kind" : "remoteSourceControl",
      "location" : "https://github.com/kean/Nuke",
      "state" : {
        "revision" : "311016d972aa751ae8ab0cd5897422ebe7db0501",
        "version" : "12.7.3"
      }
    },
    {
      "identity" : "scalingheaderscrollview",
      "kind" : "remoteSourceControl",
      "location" : "https://github.com/exyte/ScalingHeaderScrollView",
      "state" : {
        "revision" : "77274e1936b654322e736b43d63b548cea10eb30",
        "version" : "1.1.3"
      }
    },
    {
      "identity" : "swiftui-introspect",
      "kind" : "remoteSourceControl",
      "location" : "https://github.com/siteline/swiftui-introspect",
      "state" : {
        "revision" : "668a65735751432b640260c56dfa621cec568368",
        "version" : "1.2.0"
      }
    }
  ],
  "version" : 3
}
