// !$*UTF8*$!
{
	archiveVersion = 1;
	classes = {
	};
	objectVersion = 56;
	objects = {

/* Begin PBXBuildFile section */
		1B303B5F2C34F20C00E1ECEA /* Nuke in Frameworks */ = {isa = PBXBuildFile; productRef = 1B303B5E2C34F20C00E1ECEA /* Nuke */; };
		1B303B612C34F20C00E1ECEA /* NukeUI in Frameworks */ = {isa = PBXBuildFile; productRef = 1B303B602C34F20C00E1ECEA /* NukeUI */; };
		1B303B642C3503BC00E1ECEA /* ScalingHeaderScrollView in Frameworks */ = {isa = PBXBuildFile; productRef = 1B303B632C3503BC00E1ECEA /* ScalingHeaderScrollView */; };
		1B303B662C35107300E1ECEA /* UIScreen+Size.swift in Sources */ = {isa = PBXBuildFile; fileRef = 1B303B652C35107300E1ECEA /* UIScreen+Size.swift */; };
		1B303B692C365F9F00E1ECEA /* MainView+MenuTab.swift in Sources */ = {isa = PBXBuildFile; fileRef = 1B303B682C365F9F00E1ECEA /* MainView+MenuTab.swift */; };
		1B303B6B2C3667DC00E1ECEA /* MainView+EventTab.swift in Sources */ = {isa = PBXBuildFile; fileRef = 1B303B6A2C3667DC00E1ECEA /* MainView+EventTab.swift */; };
		1B303B6D2C389D4200E1ECEA /* UINavigationController+SwipeToDismiss.swift in Sources */ = {isa = PBXBuildFile; fileRef = 1B303B6C2C389D4200E1ECEA /* UINavigationController+SwipeToDismiss.swift */; };
		1B5D7E4B2C329AF200850B30 /* Pretendard-Regular.otf in Resources */ = {isa = PBXBuildFile; fileRef = 1B5D7E482C329AF200850B30 /* Pretendard-Regular.otf */; };
		1B5D7E4C2C329AF200850B30 /* Pretendard-Bold.otf in Resources */ = {isa = PBXBuildFile; fileRef = 1B5D7E492C329AF200850B30 /* Pretendard-Bold.otf */; };
		1B5D7E4D2C329AF200850B30 /* Pretendard-Medium.otf in Resources */ = {isa = PBXBuildFile; fileRef = 1B5D7E4A2C329AF200850B30 /* Pretendard-Medium.otf */; };
		1B5D7E502C329B2D00850B30 /* Colors.xcassets in Resources */ = {isa = PBXBuildFile; fileRef = 1B5D7E4F2C329B2D00850B30 /* Colors.xcassets */; };
		1B5D7E542C32A25A00850B30 /* Font+Custom.swift in Sources */ = {isa = PBXBuildFile; fileRef = 1B5D7E532C32A25A00850B30 /* Font+Custom.swift */; };
		1B5D7E7D2C34DF3000850B30 /* MainView.swift in Sources */ = {isa = PBXBuildFile; fileRef = 1B5D7E7C2C34DF3000850B30 /* MainView.swift */; };
		1B5D7E802C34E0C000850B30 /* CustomNavigationBar.swift in Sources */ = {isa = PBXBuildFile; fileRef = 1B5D7E7F2C34E0C000850B30 /* CustomNavigationBar.swift */; };
		D229EBC42C33A7C7004D54F9 /* .swiftlint.yml in Resources */ = {isa = PBXBuildFile; fileRef = D229EBC32C33A7C7004D54F9 /* .swiftlint.yml */; };
		D2EE257B2C30A460000B8015 /* koinOwnerApp.swift in Sources */ = {isa = PBXBuildFile; fileRef = D2EE257A2C30A460000B8015 /* koinOwnerApp.swift */; };
		D2EE257D2C30A460000B8015 /* ContentView.swift in Sources */ = {isa = PBXBuildFile; fileRef = D2EE257C2C30A460000B8015 /* ContentView.swift */; };
		D2EE257F2C30A463000B8015 /* Images.xcassets in Resources */ = {isa = PBXBuildFile; fileRef = D2EE257E2C30A463000B8015 /* Images.xcassets */; };
		D2EE25822C30A463000B8015 /* Preview Assets.xcassets in Resources */ = {isa = PBXBuildFile; fileRef = D2EE25812C30A463000B8015 /* Preview Assets.xcassets */; };
/* End PBXBuildFile section */

/* Begin PBXFileReference section */
		1B303B652C35107300E1ECEA /* UIScreen+Size.swift */ = {isa = PBXFileReference; lastKnownFileType = sourcecode.swift; path = "UIScreen+Size.swift"; sourceTree = "<group>"; };
		1B303B682C365F9F00E1ECEA /* MainView+MenuTab.swift */ = {isa = PBXFileReference; lastKnownFileType = sourcecode.swift; path = "MainView+MenuTab.swift"; sourceTree = "<group>"; };
		1B303B6A2C3667DC00E1ECEA /* MainView+EventTab.swift */ = {isa = PBXFileReference; lastKnownFileType = sourcecode.swift; path = "MainView+EventTab.swift"; sourceTree = "<group>"; };
		1B303B6C2C389D4200E1ECEA /* UINavigationController+SwipeToDismiss.swift */ = {isa = PBXFileReference; lastKnownFileType = sourcecode.swift; path = "UINavigationController+SwipeToDismiss.swift"; sourceTree = "<group>"; };
		1B5D7E482C329AF200850B30 /* Pretendard-Regular.otf */ = {isa = PBXFileReference; lastKnownFileType = file; path = "Pretendard-Regular.otf"; sourceTree = "<group>"; };
		1B5D7E492C329AF200850B30 /* Pretendard-Bold.otf */ = {isa = PBXFileReference; lastKnownFileType = file; path = "Pretendard-Bold.otf"; sourceTree = "<group>"; };
		1B5D7E4A2C329AF200850B30 /* Pretendard-Medium.otf */ = {isa = PBXFileReference; lastKnownFileType = file; path = "Pretendard-Medium.otf"; sourceTree = "<group>"; };
		1B5D7E4E2C329B0100850B30 /* Info.plist */ = {isa = PBXFileReference; lastKnownFileType = text.plist; path = Info.plist; sourceTree = "<group>"; };
		1B5D7E4F2C329B2D00850B30 /* Colors.xcassets */ = {isa = PBXFileReference; lastKnownFileType = folder.assetcatalog; path = Colors.xcassets; sourceTree = "<group>"; };
		1B5D7E532C32A25A00850B30 /* Font+Custom.swift */ = {isa = PBXFileReference; lastKnownFileType = sourcecode.swift; path = "Font+Custom.swift"; sourceTree = "<group>"; };
		1B5D7E7C2C34DF3000850B30 /* MainView.swift */ = {isa = PBXFileReference; lastKnownFileType = sourcecode.swift; path = MainView.swift; sourceTree = "<group>"; };
		1B5D7E7F2C34E0C000850B30 /* CustomNavigationBar.swift */ = {isa = PBXFileReference; lastKnownFileType = sourcecode.swift; path = CustomNavigationBar.swift; sourceTree = "<group>"; };
		D229EBC32C33A7C7004D54F9 /* .swiftlint.yml */ = {isa = PBXFileReference; lastKnownFileType = text.yaml; path = .swiftlint.yml; sourceTree = "<group>"; };
		D2EE25772C30A460000B8015 /* koinOwner.app */ = {isa = PBXFileReference; explicitFileType = wrapper.application; includeInIndex = 0; path = koinOwner.app; sourceTree = BUILT_PRODUCTS_DIR; };
		D2EE257A2C30A460000B8015 /* koinOwnerApp.swift */ = {isa = PBXFileReference; lastKnownFileType = sourcecode.swift; path = koinOwnerApp.swift; sourceTree = "<group>"; };
		D2EE257C2C30A460000B8015 /* ContentView.swift */ = {isa = PBXFileReference; lastKnownFileType = sourcecode.swift; path = ContentView.swift; sourceTree = "<group>"; };
		D2EE257E2C30A463000B8015 /* Images.xcassets */ = {isa = PBXFileReference; lastKnownFileType = folder.assetcatalog; path = Images.xcassets; sourceTree = "<group>"; };
		D2EE25812C30A463000B8015 /* Preview Assets.xcassets */ = {isa = PBXFileReference; lastKnownFileType = folder.assetcatalog; path = "Preview Assets.xcassets"; sourceTree = "<group>"; };
/* End PBXFileReference section */

/* Begin PBXFrameworksBuildPhase section */
		D2EE25742C30A460000B8015 /* Frameworks */ = {
			isa = PBXFrameworksBuildPhase;
			buildActionMask = 2147483647;
			files = (
				1B303B5F2C34F20C00E1ECEA /* Nuke in Frameworks */,
				1B303B612C34F20C00E1ECEA /* NukeUI in Frameworks */,
				1B303B642C3503BC00E1ECEA /* ScalingHeaderScrollView in Frameworks */,
			);
			runOnlyForDeploymentPostprocessing = 0;
		};
/* End PBXFrameworksBuildPhase section */

/* Begin PBXGroup section */
		1B303B672C365F8400E1ECEA /* Views */ = {
			isa = PBXGroup;
			children = (
				1B303B682C365F9F00E1ECEA /* MainView+MenuTab.swift */,
				1B303B6A2C3667DC00E1ECEA /* MainView+EventTab.swift */,
			);
			path = Views;
			sourceTree = "<group>";
		};
		1B5D7E462C329A7200850B30 /* Resources */ = {
			isa = PBXGroup;
			children = (
				1B5D7E472C329A7E00850B30 /* Fonts */,
				1B5D7E4F2C329B2D00850B30 /* Colors.xcassets */,
				D2EE257E2C30A463000B8015 /* Images.xcassets */,
			);
			path = Resources;
			sourceTree = "<group>";
		};
		1B5D7E472C329A7E00850B30 /* Fonts */ = {
			isa = PBXGroup;
			children = (
				1B5D7E492C329AF200850B30 /* Pretendard-Bold.otf */,
				1B5D7E4A2C329AF200850B30 /* Pretendard-Medium.otf */,
				1B5D7E482C329AF200850B30 /* Pretendard-Regular.otf */,
			);
			path = Fonts;
			sourceTree = "<group>";
		};
		1B5D7E512C32A1EF00850B30 /* Common */ = {
			isa = PBXGroup;
			children = (
				1B5D7E7E2C34E0AC00850B30 /* Components */,
				1B5D7E522C32A24C00850B30 /* Extensions */,
			);
			path = Common;
			sourceTree = "<group>";
		};
		1B5D7E522C32A24C00850B30 /* Extensions */ = {
			isa = PBXGroup;
			children = (
				1B5D7E532C32A25A00850B30 /* Font+Custom.swift */,
				1B303B652C35107300E1ECEA /* UIScreen+Size.swift */,
				1B303B6C2C389D4200E1ECEA /* UINavigationController+SwipeToDismiss.swift */,
			);
			path = Extensions;
			sourceTree = "<group>";
		};
		1B5D7E7B2C34DED600850B30 /* Main */ = {
			isa = PBXGroup;
			children = (
				1B303B672C365F8400E1ECEA /* Views */,
				1B5D7E7C2C34DF3000850B30 /* MainView.swift */,
			);
			path = Main;
			sourceTree = "<group>";
		};
		1B5D7E7E2C34E0AC00850B30 /* Components */ = {
			isa = PBXGroup;
			children = (
				1B5D7E7F2C34E0C000850B30 /* CustomNavigationBar.swift */,
			);
			path = Components;
			sourceTree = "<group>";
		};
		D2EE256E2C30A460000B8015 = {
			isa = PBXGroup;
			children = (
				D229EBC32C33A7C7004D54F9 /* .swiftlint.yml */,
				D2EE25792C30A460000B8015 /* koinOwner */,
				D2EE25782C30A460000B8015 /* Products */,
			);
			sourceTree = "<group>";
		};
		D2EE25782C30A460000B8015 /* Products */ = {
			isa = PBXGroup;
			children = (
				D2EE25772C30A460000B8015 /* koinOwner.app */,
			);
			name = Products;
			sourceTree = "<group>";
		};
		D2EE25792C30A460000B8015 /* koinOwner */ = {
			isa = PBXGroup;
			children = (
				1B5D7E4E2C329B0100850B30 /* Info.plist */,
				1B5D7E462C329A7200850B30 /* Resources */,
				D2EE25892C3258EB000B8015 /* Sources */,
				D2EE257A2C30A460000B8015 /* koinOwnerApp.swift */,
				D2EE257C2C30A460000B8015 /* ContentView.swift */,
				D2EE25802C30A463000B8015 /* Preview Content */,
			);
			path = koinOwner;
			sourceTree = "<group>";
		};
		D2EE25802C30A463000B8015 /* Preview Content */ = {
			isa = PBXGroup;
			children = (
				D2EE25812C30A463000B8015 /* Preview Assets.xcassets */,
			);
			path = "Preview Content";
			sourceTree = "<group>";
		};
		D2EE25892C3258EB000B8015 /* Sources */ = {
			isa = PBXGroup;
			children = (
				1B5D7E512C32A1EF00850B30 /* Common */,
				D2EE258A2C325902000B8015 /* Modules */,
			);
			path = Sources;
			sourceTree = "<group>";
		};
		D2EE258A2C325902000B8015 /* Modules */ = {
			isa = PBXGroup;
			children = (
				1B5D7E7B2C34DED600850B30 /* Main */,
			);
			path = Modules;
			sourceTree = "<group>";
		};
/* End PBXGroup section */

/* Begin PBXNativeTarget section */
		D2EE25762C30A460000B8015 /* koinOwner */ = {
			isa = PBXNativeTarget;
			buildConfigurationList = D2EE25852C30A463000B8015 /* Build configuration list for PBXNativeTarget "koinOwner" */;
			buildPhases = (
				D229EBC22C33A75E004D54F9 /* SwiftLint Script */,
				D2EE25732C30A460000B8015 /* Sources */,
				D2EE25742C30A460000B8015 /* Frameworks */,
				D2EE25752C30A460000B8015 /* Resources */,
			);
			buildRules = (
			);
			dependencies = (
			);
			name = koinOwner;
			packageProductDependencies = (
				1B303B5E2C34F20C00E1ECEA /* Nuke */,
				1B303B602C34F20C00E1ECEA /* NukeUI */,
				1B303B632C3503BC00E1ECEA /* ScalingHeaderScrollView */,
			);
			productName = koinOwner;
			productReference = D2EE25772C30A460000B8015 /* koinOwner.app */;
			productType = "com.apple.product-type.application";
		};
/* End PBXNativeTarget section */

/* Begin PBXProject section */
		D2EE256F2C30A460000B8015 /* Project object */ = {
			isa = PBXProject;
			attributes = {
				BuildIndependentTargetsInParallel = 1;
				LastSwiftUpdateCheck = 1530;
				LastUpgradeCheck = 1530;
				TargetAttributes = {
					D2EE25762C30A460000B8015 = {
						CreatedOnToolsVersion = 15.3;
					};
				};
			};
			buildConfigurationList = D2EE25722C30A460000B8015 /* Build configuration list for PBXProject "koinOwner" */;
			compatibilityVersion = "Xcode 14.0";
			developmentRegion = en;
			hasScannedForEncodings = 0;
			knownRegions = (
				en,
				Base,
			);
			mainGroup = D2EE256E2C30A460000B8015;
			packageReferences = (
				1B303B5D2C34F20C00E1ECEA /* XCRemoteSwiftPackageReference "Nuke" */,
				1B303B622C3503BC00E1ECEA /* XCRemoteSwiftPackageReference "ScalingHeaderScrollView" */,
			);
			productRefGroup = D2EE25782C30A460000B8015 /* Products */;
			projectDirPath = "";
			projectRoot = "";
			targets = (
				D2EE25762C30A460000B8015 /* koinOwner */,
			);
		};
/* End PBXProject section */

/* Begin PBXResourcesBuildPhase section */
		D2EE25752C30A460000B8015 /* Resources */ = {
			isa = PBXResourcesBuildPhase;
			buildActionMask = 2147483647;
			files = (
				D229EBC42C33A7C7004D54F9 /* .swiftlint.yml in Resources */,
				1B5D7E4C2C329AF200850B30 /* Pretendard-Bold.otf in Resources */,
				1B5D7E4B2C329AF200850B30 /* Pretendard-Regular.otf in Resources */,
				D2EE25822C30A463000B8015 /* Preview Assets.xcassets in Resources */,
				D2EE257F2C30A463000B8015 /* Images.xcassets in Resources */,
				1B5D7E4D2C329AF200850B30 /* Pretendard-Medium.otf in Resources */,
				1B5D7E502C329B2D00850B30 /* Colors.xcassets in Resources */,
			);
			runOnlyForDeploymentPostprocessing = 0;
		};
/* End PBXResourcesBuildPhase section */

/* Begin PBXShellScriptBuildPhase section */
		D229EBC22C33A75E004D54F9 /* SwiftLint Script */ = {
			isa = PBXShellScriptBuildPhase;
			alwaysOutOfDate = 1;
			buildActionMask = 2147483647;
			files = (
			);
			inputFileListPaths = (
			);
			inputPaths = (
			);
			name = "SwiftLint Script";
			outputFileListPaths = (
			);
			outputPaths = (
			);
			runOnlyForDeploymentPostprocessing = 0;
			shellPath = /bin/sh;
			shellScript = "export PATH=\"$PATH:/opt/homebrew/bin\"\nif which swiftlint > /dev/null; then\n  swiftlint\nelse\n  echo \"warning: SwiftLint not installed, download from https://github.com/realm/SwiftLint\"\nfi\n";
		};
/* End PBXShellScriptBuildPhase section */

/* Begin PBXSourcesBuildPhase section */
		D2EE25732C30A460000B8015 /* Sources */ = {
			isa = PBXSourcesBuildPhase;
			buildActionMask = 2147483647;
			files = (
				1B303B692C365F9F00E1ECEA /* MainView+MenuTab.swift in Sources */,
				1B5D7E802C34E0C000850B30 /* CustomNavigationBar.swift in Sources */,
				D2EE257D2C30A460000B8015 /* ContentView.swift in Sources */,
				1B303B662C35107300E1ECEA /* UIScreen+Size.swift in Sources */,
				1B303B6D2C389D4200E1ECEA /* UINavigationController+SwipeToDismiss.swift in Sources */,
				1B5D7E7D2C34DF3000850B30 /* MainView.swift in Sources */,
				1B5D7E542C32A25A00850B30 /* Font+Custom.swift in Sources */,
				1B303B6B2C3667DC00E1ECEA /* MainView+EventTab.swift in Sources */,
				D2EE257B2C30A460000B8015 /* koinOwnerApp.swift in Sources */,
			);
			runOnlyForDeploymentPostprocessing = 0;
		};
/* End PBXSourcesBuildPhase section */

/* Begin XCBuildConfiguration section */
		D2EE25832C30A463000B8015 /* Debug */ = {
			isa = XCBuildConfiguration;
			buildSettings = {
				ALWAYS_SEARCH_USER_PATHS = NO;
				ASSETCATALOG_COMPILER_GENERATE_SWIFT_ASSET_SYMBOL_EXTENSIONS = YES;
				CLANG_ANALYZER_NONNULL = YES;
				CLANG_ANALYZER_NUMBER_OBJECT_CONVERSION = YES_AGGRESSIVE;
				CLANG_CXX_LANGUAGE_STANDARD = "gnu++20";
				CLANG_ENABLE_MODULES = YES;
				CLANG_ENABLE_OBJC_ARC = YES;
				CLANG_ENABLE_OBJC_WEAK = YES;
				CLANG_WARN_BLOCK_CAPTURE_AUTORELEASING = YES;
				CLANG_WARN_BOOL_CONVERSION = YES;
				CLANG_WARN_COMMA = YES;
				CLANG_WARN_CONSTANT_CONVERSION = YES;
				CLANG_WARN_DEPRECATED_OBJC_IMPLEMENTATIONS = YES;
				CLANG_WARN_DIRECT_OBJC_ISA_USAGE = YES_ERROR;
				CLANG_WARN_DOCUMENTATION_COMMENTS = YES;
				CLANG_WARN_EMPTY_BODY = YES;
				CLANG_WARN_ENUM_CONVERSION = YES;
				CLANG_WARN_INFINITE_RECURSION = YES;
				CLANG_WARN_INT_CONVERSION = YES;
				CLANG_WARN_NON_LITERAL_NULL_CONVERSION = YES;
				CLANG_WARN_OBJC_IMPLICIT_RETAIN_SELF = YES;
				CLANG_WARN_OBJC_LITERAL_CONVERSION = YES;
				CLANG_WARN_OBJC_ROOT_CLASS = YES_ERROR;
				CLANG_WARN_QUOTED_INCLUDE_IN_FRAMEWORK_HEADER = YES;
				CLANG_WARN_RANGE_LOOP_ANALYSIS = YES;
				CLANG_WARN_STRICT_PROTOTYPES = YES;
				CLANG_WARN_SUSPICIOUS_MOVE = YES;
				CLANG_WARN_UNGUARDED_AVAILABILITY = YES_AGGRESSIVE;
				CLANG_WARN_UNREACHABLE_CODE = YES;
				CLANG_WARN__DUPLICATE_METHOD_MATCH = YES;
				COPY_PHASE_STRIP = NO;
				DEBUG_INFORMATION_FORMAT = dwarf;
				ENABLE_STRICT_OBJC_MSGSEND = YES;
				ENABLE_TESTABILITY = YES;
				ENABLE_USER_SCRIPT_SANDBOXING = YES;
				GCC_C_LANGUAGE_STANDARD = gnu17;
				GCC_DYNAMIC_NO_PIC = NO;
				GCC_NO_COMMON_BLOCKS = YES;
				GCC_OPTIMIZATION_LEVEL = 0;
				GCC_PREPROCESSOR_DEFINITIONS = (
					"DEBUG=1",
					"$(inherited)",
				);
				GCC_WARN_64_TO_32_BIT_CONVERSION = YES;
				GCC_WARN_ABOUT_RETURN_TYPE = YES_ERROR;
				GCC_WARN_UNDECLARED_SELECTOR = YES;
				GCC_WARN_UNINITIALIZED_AUTOS = YES_AGGRESSIVE;
				GCC_WARN_UNUSED_FUNCTION = YES;
				GCC_WARN_UNUSED_VARIABLE = YES;
				IPHONEOS_DEPLOYMENT_TARGET = 16.0;
				LOCALIZATION_PREFERS_STRING_CATALOGS = YES;
				MTL_ENABLE_DEBUG_INFO = INCLUDE_SOURCE;
				MTL_FAST_MATH = YES;
				ONLY_ACTIVE_ARCH = YES;
				SDKROOT = iphoneos;
				SWIFT_ACTIVE_COMPILATION_CONDITIONS = "DEBUG $(inherited)";
				SWIFT_OPTIMIZATION_LEVEL = "-Onone";
			};
			name = Debug;
		};
		D2EE25842C30A463000B8015 /* Release */ = {
			isa = XCBuildConfiguration;
			buildSettings = {
				ALWAYS_SEARCH_USER_PATHS = NO;
				ASSETCATALOG_COMPILER_GENERATE_SWIFT_ASSET_SYMBOL_EXTENSIONS = YES;
				CLANG_ANALYZER_NONNULL = YES;
				CLANG_ANALYZER_NUMBER_OBJECT_CONVERSION = YES_AGGRESSIVE;
				CLANG_CXX_LANGUAGE_STANDARD = "gnu++20";
				CLANG_ENABLE_MODULES = YES;
				CLANG_ENABLE_OBJC_ARC = YES;
				CLANG_ENABLE_OBJC_WEAK = YES;
				CLANG_WARN_BLOCK_CAPTURE_AUTORELEASING = YES;
				CLANG_WARN_BOOL_CONVERSION = YES;
				CLANG_WARN_COMMA = YES;
				CLANG_WARN_CONSTANT_CONVERSION = YES;
				CLANG_WARN_DEPRECATED_OBJC_IMPLEMENTATIONS = YES;
				CLANG_WARN_DIRECT_OBJC_ISA_USAGE = YES_ERROR;
				CLANG_WARN_DOCUMENTATION_COMMENTS = YES;
				CLANG_WARN_EMPTY_BODY = YES;
				CLANG_WARN_ENUM_CONVERSION = YES;
				CLANG_WARN_INFINITE_RECURSION = YES;
				CLANG_WARN_INT_CONVERSION = YES;
				CLANG_WARN_NON_LITERAL_NULL_CONVERSION = YES;
				CLANG_WARN_OBJC_IMPLICIT_RETAIN_SELF = YES;
				CLANG_WARN_OBJC_LITERAL_CONVERSION = YES;
				CLANG_WARN_OBJC_ROOT_CLASS = YES_ERROR;
				CLANG_WARN_QUOTED_INCLUDE_IN_FRAMEWORK_HEADER = YES;
				CLANG_WARN_RANGE_LOOP_ANALYSIS = YES;
				CLANG_WARN_STRICT_PROTOTYPES = YES;
				CLANG_WARN_SUSPICIOUS_MOVE = YES;
				CLANG_WARN_UNGUARDED_AVAILABILITY = YES_AGGRESSIVE;
				CLANG_WARN_UNREACHABLE_CODE = YES;
				CLANG_WARN__DUPLICATE_METHOD_MATCH = YES;
				COPY_PHASE_STRIP = NO;
				DEBUG_INFORMATION_FORMAT = "dwarf-with-dsym";
				ENABLE_NS_ASSERTIONS = NO;
				ENABLE_STRICT_OBJC_MSGSEND = YES;
				ENABLE_USER_SCRIPT_SANDBOXING = YES;
				GCC_C_LANGUAGE_STANDARD = gnu17;
				GCC_NO_COMMON_BLOCKS = YES;
				GCC_WARN_64_TO_32_BIT_CONVERSION = YES;
				GCC_WARN_ABOUT_RETURN_TYPE = YES_ERROR;
				GCC_WARN_UNDECLARED_SELECTOR = YES;
				GCC_WARN_UNINITIALIZED_AUTOS = YES_AGGRESSIVE;
				GCC_WARN_UNUSED_FUNCTION = YES;
				GCC_WARN_UNUSED_VARIABLE = YES;
				IPHONEOS_DEPLOYMENT_TARGET = 16.0;
				LOCALIZATION_PREFERS_STRING_CATALOGS = YES;
				MTL_ENABLE_DEBUG_INFO = NO;
				MTL_FAST_MATH = YES;
				SDKROOT = iphoneos;
				SWIFT_COMPILATION_MODE = wholemodule;
				VALIDATE_PRODUCT = YES;
			};
			name = Release;
		};
		D2EE25862C30A463000B8015 /* Debug */ = {
			isa = XCBuildConfiguration;
			buildSettings = {
				ASSETCATALOG_COMPILER_APPICON_NAME = AppIcon;
				ASSETCATALOG_COMPILER_GLOBAL_ACCENT_COLOR_NAME = AccentColor;
				CODE_SIGN_STYLE = Automatic;
				CURRENT_PROJECT_VERSION = 1;
				DEVELOPMENT_ASSET_PATHS = "\"koinOwner/Preview Content\"";
				DEVELOPMENT_TEAM = K626UYGR25;
				ENABLE_PREVIEWS = YES;
				ENABLE_USER_SCRIPT_SANDBOXING = NO;
				GENERATE_INFOPLIST_FILE = YES;
				INFOPLIST_FILE = koinOwner/Info.plist;
				INFOPLIST_KEY_UIApplicationSceneManifest_Generation = YES;
				INFOPLIST_KEY_UIApplicationSupportsIndirectInputEvents = YES;
				INFOPLIST_KEY_UILaunchScreen_Generation = YES;
				INFOPLIST_KEY_UISupportedInterfaceOrientations_iPad = "UIInterfaceOrientationPortrait UIInterfaceOrientationPortraitUpsideDown UIInterfaceOrientationLandscapeLeft UIInterfaceOrientationLandscapeRight";
				INFOPLIST_KEY_UISupportedInterfaceOrientations_iPhone = "UIInterfaceOrientationPortrait UIInterfaceOrientationLandscapeLeft UIInterfaceOrientationLandscapeRight";
				LD_RUNPATH_SEARCH_PATHS = (
					"$(inherited)",
					"@executable_path/Frameworks",
				);
				MARKETING_VERSION = 1.0;
				PRODUCT_BUNDLE_IDENTIFIER = com.bcsdlab.koin.owner.koinOwner;
				PRODUCT_NAME = "$(TARGET_NAME)";
				SWIFT_EMIT_LOC_STRINGS = YES;
				SWIFT_VERSION = 5.0;
				TARGETED_DEVICE_FAMILY = "1,2";
			};
			name = Debug;
		};
		D2EE25872C30A463000B8015 /* Release */ = {
			isa = XCBuildConfiguration;
			buildSettings = {
				ASSETCATALOG_COMPILER_APPICON_NAME = AppIcon;
				ASSETCATALOG_COMPILER_GLOBAL_ACCENT_COLOR_NAME = AccentColor;
				CODE_SIGN_STYLE = Automatic;
				CURRENT_PROJECT_VERSION = 1;
				DEVELOPMENT_ASSET_PATHS = "\"koinOwner/Preview Content\"";
				DEVELOPMENT_TEAM = K626UYGR25;
				ENABLE_PREVIEWS = YES;
				ENABLE_USER_SCRIPT_SANDBOXING = NO;
				GENERATE_INFOPLIST_FILE = YES;
				INFOPLIST_FILE = koinOwner/Info.plist;
				INFOPLIST_KEY_UIApplicationSceneManifest_Generation = YES;
				INFOPLIST_KEY_UIApplicationSupportsIndirectInputEvents = YES;
				INFOPLIST_KEY_UILaunchScreen_Generation = YES;
				INFOPLIST_KEY_UISupportedInterfaceOrientations_iPad = "UIInterfaceOrientationPortrait UIInterfaceOrientationPortraitUpsideDown UIInterfaceOrientationLandscapeLeft UIInterfaceOrientationLandscapeRight";
				INFOPLIST_KEY_UISupportedInterfaceOrientations_iPhone = "UIInterfaceOrientationPortrait UIInterfaceOrientationLandscapeLeft UIInterfaceOrientationLandscapeRight";
				LD_RUNPATH_SEARCH_PATHS = (
					"$(inherited)",
					"@executable_path/Frameworks",
				);
				MARKETING_VERSION = 1.0;
				PRODUCT_BUNDLE_IDENTIFIER = com.bcsdlab.koin.owner.koinOwner;
				PRODUCT_NAME = "$(TARGET_NAME)";
				SWIFT_EMIT_LOC_STRINGS = YES;
				SWIFT_VERSION = 5.0;
				TARGETED_DEVICE_FAMILY = "1,2";
			};
			name = Release;
		};
/* End XCBuildConfiguration section */

/* Begin XCConfigurationList section */
		D2EE25722C30A460000B8015 /* Build configuration list for PBXProject "koinOwner" */ = {
			isa = XCConfigurationList;
			buildConfigurations = (
				D2EE25832C30A463000B8015 /* Debug */,
				D2EE25842C30A463000B8015 /* Release */,
			);
			defaultConfigurationIsVisible = 0;
			defaultConfigurationName = Release;
		};
		D2EE25852C30A463000B8015 /* Build configuration list for PBXNativeTarget "koinOwner" */ = {
			isa = XCConfigurationList;
			buildConfigurations = (
				D2EE25862C30A463000B8015 /* Debug */,
				D2EE25872C30A463000B8015 /* Release */,
			);
			defaultConfigurationIsVisible = 0;
			defaultConfigurationName = Release;
		};
/* End XCConfigurationList section */

/* Begin XCRemoteSwiftPackageReference section */
		1B303B5D2C34F20C00E1ECEA /* XCRemoteSwiftPackageReference "Nuke" */ = {
			isa = XCRemoteSwiftPackageReference;
			repositoryURL = "https://github.com/kean/Nuke";
			requirement = {
				kind = upToNextMajorVersion;
				minimumVersion = 12.7.3;
			};
		};
		1B303B622C3503BC00E1ECEA /* XCRemoteSwiftPackageReference "ScalingHeaderScrollView" */ = {
			isa = XCRemoteSwiftPackageReference;
			repositoryURL = "https://github.com/exyte/ScalingHeaderScrollView";
			requirement = {
				kind = upToNextMajorVersion;
				minimumVersion = 1.1.3;
			};
		};
/* End XCRemoteSwiftPackageReference section */

/* Begin XCSwiftPackageProductDependency section */
		1B303B5E2C34F20C00E1ECEA /* Nuke */ = {
			isa = XCSwiftPackageProductDependency;
			package = 1B303B5D2C34F20C00E1ECEA /* XCRemoteSwiftPackageReference "Nuke" */;
			productName = Nuke;
		};
		1B303B602C34F20C00E1ECEA /* NukeUI */ = {
			isa = XCSwiftPackageProductDependency;
			package = 1B303B5D2C34F20C00E1ECEA /* XCRemoteSwiftPackageReference "Nuke" */;
			productName = NukeUI;
		};
		1B303B632C3503BC00E1ECEA /* ScalingHeaderScrollView */ = {
			isa = XCSwiftPackageProductDependency;
			package = 1B303B622C3503BC00E1ECEA /* XCRemoteSwiftPackageReference "ScalingHeaderScrollView" */;
			productName = ScalingHeaderScrollView;
		};
/* End XCSwiftPackageProductDependency section */
	};
	rootObject = D2EE256F2C30A460000B8015 /* Project object */;
}
